
Microsoft Visual Studio Solution File, Format Version 12.00
# Visual Studio Version 16
VisualStudioVersion = 16.0.30907.101
MinimumVisualStudioVersion = 10.0.40219.1
Project("{FAE04EC0-301F-11D3-BF4B-00C04F79EFBC}") = "ProyectoFinal-JeanSibaja", "ProyectoFinal-JeanSibaja\ProyectoFinal-JeanSibaja.csproj", "{EA898EE7-57FC-43A3-8637-DD21F14818BE}"
EndProject
Global
	GlobalSection(SolutionConfigurationPlatforms) = preSolution
		Debug|Any CPU = Debug|Any CPU
		Release|Any CPU = Release|Any CPU
	EndGlobalSection
	GlobalSection(ProjectConfigurationPlatforms) = postSolution
		{EA898EE7-57FC-43A3-8637-DD21F14818BE}.Debug|Any CPU.ActiveCfg = Debug|Any CPU
		{EA898EE7-57FC-43A3-8637-DD21F14818BE}.Debug|Any CPU.Build.0 = Debug|Any CPU
		{EA898EE7-57FC-43A3-8637-DD21F14818BE}.Release|Any CPU.ActiveCfg = Release|Any CPU
		{EA898EE7-57FC-43A3-8637-DD21F14818BE}.Release|Any CPU.Build.0 = Release|Any CPU
	EndGlobalSection
	GlobalSection(SolutionProperties) = preSolution
		HideSolutionNode = FALSE
	EndGlobalSection
	GlobalSection(ExtensibilityGlobals) = postSolution
		SolutionGuid = {A877CCE6-3205-46FC-A262-489819E5C613}
	EndGlobalSection
EndGlobal
